
Microsoft Visual Studio Solution File, Format Version 12.00
# Visual Studio Version 16
VisualStudioVersion = 16.0.30413.136
MinimumVisualStudioVersion = 10.0.40219.1
Project("{8BC9CEB8-8B4A-11D0-8D11-00A0C91BC942}") = "Codingtest_HW", "Codingtest_HW\Codingtest_HW.vcxproj", "{DEE0CB50-CCD2-498B-A429-F557FC92382A}"
EndProject
Global
	GlobalSection(SolutionConfigurationPlatforms) = preSolution
		Debug|x64 = Debug|x64
		Debug|x86 = Debug|x86
		Release|x64 = Release|x64
		Release|x86 = Release|x86
	EndGlobalSection
	GlobalSection(ProjectConfigurationPlatforms) = postSolution
		{DEE0CB50-CCD2-498B-A429-F557FC92382A}.Debug|x64.ActiveCfg = Debug|x64
		{DEE0CB50-CCD2-498B-A429-F557FC92382A}.Debug|x64.Build.0 = Debug|x64
		{DEE0CB50-CCD2-498B-A429-F557FC92382A}.Debug|x86.ActiveCfg = Debug|Win32
		{DEE0CB50-CCD2-498B-A429-F557FC92382A}.Debug|x86.Build.0 = Debug|Win32
		{DEE0CB50-CCD2-498B-A429-F557FC92382A}.Release|x64.ActiveCfg = Release|x64
		{DEE0CB50-CCD2-498B-A429-F557FC92382A}.Release|x64.Build.0 = Release|x64
		{DEE0CB50-CCD2-498B-A429-F557FC92382A}.Release|x86.ActiveCfg = Release|Win32
		{DEE0CB50-CCD2-498B-A429-F557FC92382A}.Release|x86.Build.0 = Release|Win32
	EndGlobalSection
	GlobalSection(SolutionProperties) = preSolution
		HideSolutionNode = FALSE
	EndGlobalSection
	GlobalSection(ExtensibilityGlobals) = postSolution
		SolutionGuid = {065EA2D0-8A03-4BC5-A90F-14638573FEEB}
	EndGlobalSection
EndGlobal
